
Microsoft Visual Studio Solution File, Format Version 12.00
# Visual Studio Version 17
VisualStudioVersion = 17.13.35806.99 d17.13
MinimumVisualStudioVersion = 10.0.40219.1
Project("{FAE04EC0-301F-11D3-BF4B-00C04F79EFBC}") = "BasicLibrary", "src\BasicLibrary\BasicLibrary.csproj", "{AF480897-749E-773B-E56A-8366EF09BB9E}"
EndProject
Global
	GlobalSection(SolutionConfigurationPlatforms) = preSolution
		Debug|Any CPU = Debug|Any CPU
		Release|Any CPU = Release|Any CPU
	EndGlobalSection
	GlobalSection(ProjectConfigurationPlatforms) = postSolution
		{AF480897-749E-773B-E56A-8366EF09BB9E}.Debug|Any CPU.ActiveCfg = Debug|Any CPU
		{AF480897-749E-773B-E56A-8366EF09BB9E}.Debug|Any CPU.Build.0 = Debug|Any CPU
		{AF480897-749E-773B-E56A-8366EF09BB9E}.Release|Any CPU.ActiveCfg = Release|Any CPU
		{AF480897-749E-773B-E56A-8366EF09BB9E}.Release|Any CPU.Build.0 = Release|Any CPU
	EndGlobalSection
	GlobalSection(SolutionProperties) = preSolution
		HideSolutionNode = FALSE
	EndGlobalSection
	GlobalSection(ExtensibilityGlobals) = postSolution
		SolutionGuid = {036CADE7-6E64-4E25-9756-54083A38CBD4}
	EndGlobalSection
EndGlobal
